<Solution>
  <Project Path="../../../../../OneDrive/Documentos/Fidelitas/VII Cuatrimestre/Materia/Progra Avanzada en Web/MiniStore/MiniStore_API/MiniStore_API.csproj" />
  <Project Path="../../../../../OneDrive/Documentos/Fidelitas/VII Cuatrimestre/Materia/Progra Avanzada en Web/MiniStore/MiniStore_WEB/MiniStore_WEB.csproj" />
</Solution>
